
Microsoft Visual Studio Solution File, Format Version 12.00
# Visual Studio Version 17
VisualStudioVersion = 17.7.34221.43
MinimumVisualStudioVersion = 10.0.40219.1
Project("{FAE04EC0-301F-11D3-BF4B-00C04F79EFBC}") = "Examen_ASA.Android", "Examen_ASA\Examen_ASA.Android\Examen_ASA.Android.csproj", "{5CB7DE87-6914-41F4-95A7-CF75C6B3F5C6}"
EndProject
Project("{FAE04EC0-301F-11D3-BF4B-00C04F79EFBC}") = "Examen_ASA.iOS", "Examen_ASA\Examen_ASA.iOS\Examen_ASA.iOS.csproj", "{E9AAA749-E94D-47BA-9930-BA47955E3325}"
EndProject
Project("{FAE04EC0-301F-11D3-BF4B-00C04F79EFBC}") = "Examen_ASA", "Examen_ASA\Examen_ASA\Examen_ASA.csproj", "{EF4EA269-B7C4-43D4-BC85-AD57A64FEFC1}"
EndProject
Global
	GlobalSection(SolutionConfigurationPlatforms) = preSolution
		Debug|Any CPU = Debug|Any CPU
		Debug|iPhone = Debug|iPhone
		Debug|iPhoneSimulator = Debug|iPhoneSimulator
		Release|Any CPU = Release|Any CPU
		Release|iPhone = Release|iPhone
		Release|iPhoneSimulator = Release|iPhoneSimulator
	EndGlobalSection
	GlobalSection(ProjectConfigurationPlatforms) = postSolution
		{5CB7DE87-6914-41F4-95A7-CF75C6B3F5C6}.Debug|Any CPU.ActiveCfg = Debug|Any CPU
		{5CB7DE87-6914-41F4-95A7-CF75C6B3F5C6}.Debug|Any CPU.Build.0 = Debug|Any CPU
		{5CB7DE87-6914-41F4-95A7-CF75C6B3F5C6}.Debug|Any CPU.Deploy.0 = Debug|Any CPU
		{5CB7DE87-6914-41F4-95A7-CF75C6B3F5C6}.Debug|iPhone.ActiveCfg = Debug|Any CPU
		{5CB7DE87-6914-41F4-95A7-CF75C6B3F5C6}.Debug|iPhone.Build.0 = Debug|Any CPU
		{5CB7DE87-6914-41F4-95A7-CF75C6B3F5C6}.Debug|iPhone.Deploy.0 = Debug|Any CPU
		{5CB7DE87-6914-41F4-95A7-CF75C6B3F5C6}.Debug|iPhoneSimulator.ActiveCfg = Debug|Any CPU
		{5CB7DE87-6914-41F4-95A7-CF75C6B3F5C6}.Debug|iPhoneSimulator.Build.0 = Debug|Any CPU
		{5CB7DE87-6914-41F4-95A7-CF75C6B3F5C6}.Debug|iPhoneSimulator.Deploy.0 = Debug|Any CPU
		{5CB7DE87-6914-41F4-95A7-CF75C6B3F5C6}.Release|Any CPU.ActiveCfg = Release|Any CPU
		{5CB7DE87-6914-41F4-95A7-CF75C6B3F5C6}.Release|Any CPU.Build.0 = Release|Any CPU
		{5CB7DE87-6914-41F4-95A7-CF75C6B3F5C6}.Release|Any CPU.Deploy.0 = Release|Any CPU
		{5CB7DE87-6914-41F4-95A7-CF75C6B3F5C6}.Release|iPhone.ActiveCfg = Release|Any CPU
		{5CB7DE87-6914-41F4-95A7-CF75C6B3F5C6}.Release|iPhone.Build.0 = Release|Any CPU
		{5CB7DE87-6914-41F4-95A7-CF75C6B3F5C6}.Release|iPhone.Deploy.0 = Release|Any CPU
		{5CB7DE87-6914-41F4-95A7-CF75C6B3F5C6}.Release|iPhoneSimulator.ActiveCfg = Release|Any CPU
		{5CB7DE87-6914-41F4-95A7-CF75C6B3F5C6}.Release|iPhoneSimulator.Build.0 = Release|Any CPU
		{5CB7DE87-6914-41F4-95A7-CF75C6B3F5C6}.Release|iPhoneSimulator.Deploy.0 = Release|Any CPU
		{E9AAA749-E94D-47BA-9930-BA47955E3325}.Debug|Any CPU.ActiveCfg = Debug|iPhone
		{E9AAA749-E94D-47BA-9930-BA47955E3325}.Debug|Any CPU.Build.0 = Debug|iPhone
		{E9AAA749-E94D-47BA-9930-BA47955E3325}.Debug|Any CPU.Deploy.0 = Debug|iPhone
		{E9AAA749-E94D-47BA-9930-BA47955E3325}.Debug|iPhone.ActiveCfg = Debug|iPhone
		{E9AAA749-E94D-47BA-9930-BA47955E3325}.Debug|iPhone.Build.0 = Debug|iPhone
		{E9AAA749-E94D-47BA-9930-BA47955E3325}.Debug|iPhone.Deploy.0 = Debug|iPhone
		{E9AAA749-E94D-47BA-9930-BA47955E3325}.Debug|iPhoneSimulator.ActiveCfg = Debug|iPhoneSimulator
		{E9AAA749-E94D-47BA-9930-BA47955E3325}.Debug|iPhoneSimulator.Build.0 = Debug|iPhoneSimulator
		{E9AAA749-E94D-47BA-9930-BA47955E3325}.Debug|iPhoneSimulator.Deploy.0 = Debug|iPhoneSimulator
		{E9AAA749-E94D-47BA-9930-BA47955E3325}.Release|Any CPU.ActiveCfg = Release|iPhoneSimulator
		{E9AAA749-E94D-47BA-9930-BA47955E3325}.Release|Any CPU.Build.0 = Release|iPhoneSimulator
		{E9AAA749-E94D-47BA-9930-BA47955E3325}.Release|Any CPU.Deploy.0 = Release|iPhoneSimulator
		{E9AAA749-E94D-47BA-9930-BA47955E3325}.Release|iPhone.ActiveCfg = Release|iPhone
		{E9AAA749-E94D-47BA-9930-BA47955E3325}.Release|iPhone.Build.0 = Release|iPhone
		{E9AAA749-E94D-47BA-9930-BA47955E3325}.Release|iPhone.Deploy.0 = Release|iPhone
		{E9AAA749-E94D-47BA-9930-BA47955E3325}.Release|iPhoneSimulator.ActiveCfg = Release|iPhoneSimulator
		{E9AAA749-E94D-47BA-9930-BA47955E3325}.Release|iPhoneSimulator.Build.0 = Release|iPhoneSimulator
		{E9AAA749-E94D-47BA-9930-BA47955E3325}.Release|iPhoneSimulator.Deploy.0 = Release|iPhoneSimulator
		{EF4EA269-B7C4-43D4-BC85-AD57A64FEFC1}.Debug|Any CPU.ActiveCfg = Debug|Any CPU
		{EF4EA269-B7C4-43D4-BC85-AD57A64FEFC1}.Debug|Any CPU.Build.0 = Debug|Any CPU
		{EF4EA269-B7C4-43D4-BC85-AD57A64FEFC1}.Debug|Any CPU.Deploy.0 = Debug|Any CPU
		{EF4EA269-B7C4-43D4-BC85-AD57A64FEFC1}.Debug|iPhone.ActiveCfg = Debug|Any CPU
		{EF4EA269-B7C4-43D4-BC85-AD57A64FEFC1}.Debug|iPhone.Build.0 = Debug|Any CPU
		{EF4EA269-B7C4-43D4-BC85-AD57A64FEFC1}.Debug|iPhone.Deploy.0 = Debug|Any CPU
		{EF4EA269-B7C4-43D4-BC85-AD57A64FEFC1}.Debug|iPhoneSimulator.ActiveCfg = Debug|Any CPU
		{EF4EA269-B7C4-43D4-BC85-AD57A64FEFC1}.Debug|iPhoneSimulator.Build.0 = Debug|Any CPU
		{EF4EA269-B7C4-43D4-BC85-AD57A64FEFC1}.Debug|iPhoneSimulator.Deploy.0 = Debug|Any CPU
		{EF4EA269-B7C4-43D4-BC85-AD57A64FEFC1}.Release|Any CPU.ActiveCfg = Release|Any CPU
		{EF4EA269-B7C4-43D4-BC85-AD57A64FEFC1}.Release|Any CPU.Build.0 = Release|Any CPU
		{EF4EA269-B7C4-43D4-BC85-AD57A64FEFC1}.Release|Any CPU.Deploy.0 = Release|Any CPU
		{EF4EA269-B7C4-43D4-BC85-AD57A64FEFC1}.Release|iPhone.ActiveCfg = Release|Any CPU
		{EF4EA269-B7C4-43D4-BC85-AD57A64FEFC1}.Release|iPhone.Build.0 = Release|Any CPU
		{EF4EA269-B7C4-43D4-BC85-AD57A64FEFC1}.Release|iPhone.Deploy.0 = Release|Any CPU
		{EF4EA269-B7C4-43D4-BC85-AD57A64FEFC1}.Release|iPhoneSimulator.ActiveCfg = Release|Any CPU
		{EF4EA269-B7C4-43D4-BC85-AD57A64FEFC1}.Release|iPhoneSimulator.Build.0 = Release|Any CPU
		{EF4EA269-B7C4-43D4-BC85-AD57A64FEFC1}.Release|iPhoneSimulator.Deploy.0 = Release|Any CPU
	EndGlobalSection
	GlobalSection(SolutionProperties) = preSolution
		HideSolutionNode = FALSE
	EndGlobalSection
	GlobalSection(ExtensibilityGlobals) = postSolution
		SolutionGuid = {4C06A875-5AE7-4858-9380-B8AB69591168}
	EndGlobalSection
EndGlobal
